
Microsoft Visual Studio Solution File, Format Version 12.00
# Visual Studio 15
VisualStudioVersion = 15.0.28307.852
MinimumVisualStudioVersion = 10.0.40219.1
Project("{8BC9CEB8-8B4A-11D0-8D11-00A0C91BC942}") = "server", "server\server.vcxproj", "{7C539A7D-6C51-492E-93B2-6DE3DF6579B9}"
EndProject
Global
	GlobalSection(SolutionConfigurationPlatforms) = preSolution
		Debug|x64 = Debug|x64
		Debug|x86 = Debug|x86
		Release|x64 = Release|x64
		Release|x86 = Release|x86
	EndGlobalSection
	GlobalSection(ProjectConfigurationPlatforms) = postSolution
		{7C539A7D-6C51-492E-93B2-6DE3DF6579B9}.Debug|x64.ActiveCfg = Debug|x64
		{7C539A7D-6C51-492E-93B2-6DE3DF6579B9}.Debug|x64.Build.0 = Debug|x64
		{7C539A7D-6C51-492E-93B2-6DE3DF6579B9}.Debug|x86.ActiveCfg = Debug|Win32
		{7C539A7D-6C51-492E-93B2-6DE3DF6579B9}.Debug|x86.Build.0 = Debug|Win32
		{7C539A7D-6C51-492E-93B2-6DE3DF6579B9}.Release|x64.ActiveCfg = Release|x64
		{7C539A7D-6C51-492E-93B2-6DE3DF6579B9}.Release|x64.Build.0 = Release|x64
		{7C539A7D-6C51-492E-93B2-6DE3DF6579B9}.Release|x86.ActiveCfg = Release|Win32
		{7C539A7D-6C51-492E-93B2-6DE3DF6579B9}.Release|x86.Build.0 = Release|Win32
	EndGlobalSection
	GlobalSection(SolutionProperties) = preSolution
		HideSolutionNode = FALSE
	EndGlobalSection
	GlobalSection(ExtensibilityGlobals) = postSolution
		SolutionGuid = {DBBB19BF-3189-45E2-853F-DA0D4574E47F}
	EndGlobalSection
EndGlobal
